// !$*UTF8*$!
{
	archiveVersion = 1;
	classes = {
	};
	objectVersion = 50;
	objects = {

/* Begin PBXBuildFile section */
		FD3E02A226EF72CA00901B07 /* WalkthroughSampleForSwiftUIApp.swift in Sources */ = {isa = PBXBuildFile; fileRef = FD3E02A126EF72CA00901B07 /* WalkthroughSampleForSwiftUIApp.swift */; };
		FD3E02A426EF72CA00901B07 /* ContentView.swift in Sources */ = {isa = PBXBuildFile; fileRef = FD3E02A326EF72CA00901B07 /* ContentView.swift */; };
		FD3E02A626EF72CC00901B07 /* Assets.xcassets in Resources */ = {isa = PBXBuildFile; fileRef = FD3E02A526EF72CC00901B07 /* Assets.xcassets */; };
		FD3E02A926EF72CC00901B07 /* Preview Assets.xcassets in Resources */ = {isa = PBXBuildFile; fileRef = FD3E02A826EF72CC00901B07 /* Preview Assets.xcassets */; };
		FD3E02B326EF73FB00901B07 /* UserDefaultsKey.swift in Sources */ = {isa = PBXBuildFile; fileRef = FD3E02B226EF73FB00901B07 /* UserDefaultsKey.swift */; };
		FD3E02B526EF763A00901B07 /* WalkthroughContentView.swift in Sources */ = {isa = PBXBuildFile; fileRef = FD3E02B426EF763A00901B07 /* WalkthroughContentView.swift */; };
		FD9D83B726F0EF5500DE3273 /* FloatingButtonView.swift in Sources */ = {isa = PBXBuildFile; fileRef = FD9D83B626F0EF5500DE3273 /* FloatingButtonView.swift */; };
/* End PBXBuildFile section */

/* Begin PBXFileReference section */
		FD3E029E26EF72CA00901B07 /* WalkthroughSampleForSwiftUI.app */ = {isa = PBXFileReference; explicitFileType = wrapper.application; includeInIndex = 0; path = WalkthroughSampleForSwiftUI.app; sourceTree = BUILT_PRODUCTS_DIR; };
		FD3E02A126EF72CA00901B07 /* WalkthroughSampleForSwiftUIApp.swift */ = {isa = PBXFileReference; lastKnownFileType = sourcecode.swift; path = WalkthroughSampleForSwiftUIApp.swift; sourceTree = "<group>"; };
		FD3E02A326EF72CA00901B07 /* ContentView.swift */ = {isa = PBXFileReference; lastKnownFileType = sourcecode.swift; path = ContentView.swift; sourceTree = "<group>"; };
		FD3E02A526EF72CC00901B07 /* Assets.xcassets */ = {isa = PBXFileReference; lastKnownFileType = folder.assetcatalog; path = Assets.xcassets; sourceTree = "<group>"; };
		FD3E02A826EF72CC00901B07 /* Preview Assets.xcassets */ = {isa = PBXFileReference; lastKnownFileType = folder.assetcatalog; path = "Preview Assets.xcassets"; sourceTree = "<group>"; };
		FD3E02AA26EF72CC00901B07 /* Info.plist */ = {isa = PBXFileReference; lastKnownFileType = text.plist.xml; path = Info.plist; sourceTree = "<group>"; };
		FD3E02B226EF73FB00901B07 /* UserDefaultsKey.swift */ = {isa = PBXFileReference; lastKnownFileType = sourcecode.swift; path = UserDefaultsKey.swift; sourceTree = "<group>"; };
		FD3E02B426EF763A00901B07 /* WalkthroughContentView.swift */ = {isa = PBXFileReference; lastKnownFileType = sourcecode.swift; path = WalkthroughContentView.swift; sourceTree = "<group>"; };
		FD9D83B626F0EF5500DE3273 /* FloatingButtonView.swift */ = {isa = PBXFileReference; lastKnownFileType = sourcecode.swift; path = FloatingButtonView.swift; sourceTree = "<group>"; };
/* End PBXFileReference section */

/* Begin PBXFrameworksBuildPhase section */
		FD3E029B26EF72CA00901B07 /* Frameworks */ = {
			isa = PBXFrameworksBuildPhase;
			buildActionMask = 2147483647;
			files = (
			);
			runOnlyForDeploymentPostprocessing = 0;
		};
/* End PBXFrameworksBuildPhase section */

/* Begin PBXGroup section */
		FD3E029526EF72CA00901B07 = {
			isa = PBXGroup;
			children = (
				FD3E02A026EF72CA00901B07 /* WalkthroughSampleForSwiftUI */,
				FD3E029F26EF72CA00901B07 /* Products */,
			);
			sourceTree = "<group>";
		};
		FD3E029F26EF72CA00901B07 /* Products */ = {
			isa = PBXGroup;
			children = (
				FD3E029E26EF72CA00901B07 /* WalkthroughSampleForSwiftUI.app */,
			);
			name = Products;
			sourceTree = "<group>";
		};
		FD3E02A026EF72CA00901B07 /* WalkthroughSampleForSwiftUI */ = {
			isa = PBXGroup;
			children = (
				FD3E02A126EF72CA00901B07 /* WalkthroughSampleForSwiftUIApp.swift */,
				FD3E02B026EF73C500901B07 /* Views */,
				FD3E02B126EF73DE00901B07 /* Others */,
				FD3E02A526EF72CC00901B07 /* Assets.xcassets */,
				FD3E02AA26EF72CC00901B07 /* Info.plist */,
				FD3E02A726EF72CC00901B07 /* Preview Content */,
			);
			path = WalkthroughSampleForSwiftUI;
			sourceTree = "<group>";
		};
		FD3E02A726EF72CC00901B07 /* Preview Content */ = {
			isa = PBXGroup;
			children = (
				FD3E02A826EF72CC00901B07 /* Preview Assets.xcassets */,
			);
			path = "Preview Content";
			sourceTree = "<group>";
		};
		FD3E02B026EF73C500901B07 /* Views */ = {
			isa = PBXGroup;
			children = (
				FD9D83B526F0EF0000DE3273 /* Components */,
				FD3E02B626EF764A00901B07 /* Walkthrough */,
				FD3E02B726EF765F00901B07 /* TopContents */,
			);
			path = Views;
			sourceTree = "<group>";
		};
		FD3E02B126EF73DE00901B07 /* Others */ = {
			isa = PBXGroup;
			children = (
				FD3E02B226EF73FB00901B07 /* UserDefaultsKey.swift */,
			);
			path = Others;
			sourceTree = "<group>";
		};
		FD3E02B626EF764A00901B07 /* Walkthrough */ = {
			isa = PBXGroup;
			children = (
				FD3E02B426EF763A00901B07 /* WalkthroughContentView.swift */,
			);
			path = Walkthrough;
			sourceTree = "<group>";
		};
		FD3E02B726EF765F00901B07 /* TopContents */ = {
			isa = PBXGroup;
			children = (
				FD3E02A326EF72CA00901B07 /* ContentView.swift */,
			);
			path = TopContents;
			sourceTree = "<group>";
		};
		FD9D83B526F0EF0000DE3273 /* Components */ = {
			isa = PBXGroup;
			children = (
				FD9D83B626F0EF5500DE3273 /* FloatingButtonView.swift */,
			);
			path = Components;
			sourceTree = "<group>";
		};
/* End PBXGroup section */

/* Begin PBXNativeTarget section */
		FD3E029D26EF72CA00901B07 /* WalkthroughSampleForSwiftUI */ = {
			isa = PBXNativeTarget;
			buildConfigurationList = FD3E02AD26EF72CC00901B07 /* Build configuration list for PBXNativeTarget "WalkthroughSampleForSwiftUI" */;
			buildPhases = (
				FD3E029A26EF72CA00901B07 /* Sources */,
				FD3E029B26EF72CA00901B07 /* Frameworks */,
				FD3E029C26EF72CA00901B07 /* Resources */,
			);
			buildRules = (
			);
			dependencies = (
			);
			name = WalkthroughSampleForSwiftUI;
			productName = WalkthroughSampleForSwiftUI;
			productReference = FD3E029E26EF72CA00901B07 /* WalkthroughSampleForSwiftUI.app */;
			productType = "com.apple.product-type.application";
		};
/* End PBXNativeTarget section */

/* Begin PBXProject section */
		FD3E029626EF72CA00901B07 /* Project object */ = {
			isa = PBXProject;
			attributes = {
				LastSwiftUpdateCheck = 1250;
				LastUpgradeCheck = 1250;
				TargetAttributes = {
					FD3E029D26EF72CA00901B07 = {
						CreatedOnToolsVersion = 12.5.1;
					};
				};
			};
			buildConfigurationList = FD3E029926EF72CA00901B07 /* Build configuration list for PBXProject "WalkthroughSampleForSwiftUI" */;
			compatibilityVersion = "Xcode 9.3";
			developmentRegion = en;
			hasScannedForEncodings = 0;
			knownRegions = (
				en,
				Base,
			);
			mainGroup = FD3E029526EF72CA00901B07;
			productRefGroup = FD3E029F26EF72CA00901B07 /* Products */;
			projectDirPath = "";
			projectRoot = "";
			targets = (
				FD3E029D26EF72CA00901B07 /* WalkthroughSampleForSwiftUI */,
			);
		};
/* End PBXProject section */

/* Begin PBXResourcesBuildPhase section */
		FD3E029C26EF72CA00901B07 /* Resources */ = {
			isa = PBXResourcesBuildPhase;
			buildActionMask = 2147483647;
			files = (
				FD3E02A926EF72CC00901B07 /* Preview Assets.xcassets in Resources */,
				FD3E02A626EF72CC00901B07 /* Assets.xcassets in Resources */,
			);
			runOnlyForDeploymentPostprocessing = 0;
		};
/* End PBXResourcesBuildPhase section */

/* Begin PBXSourcesBuildPhase section */
		FD3E029A26EF72CA00901B07 /* Sources */ = {
			isa = PBXSourcesBuildPhase;
			buildActionMask = 2147483647;
			files = (
				FD3E02B326EF73FB00901B07 /* UserDefaultsKey.swift in Sources */,
				FD3E02B526EF763A00901B07 /* WalkthroughContentView.swift in Sources */,
				FD3E02A426EF72CA00901B07 /* ContentView.swift in Sources */,
				FD9D83B726F0EF5500DE3273 /* FloatingButtonView.swift in Sources */,
				FD3E02A226EF72CA00901B07 /* WalkthroughSampleForSwiftUIApp.swift in Sources */,
			);
			runOnlyForDeploymentPostprocessing = 0;
		};
/* End PBXSourcesBuildPhase section */

/* Begin XCBuildConfiguration section */
		FD3E02AB26EF72CC00901B07 /* Debug */ = {
			isa = XCBuildConfiguration;
			buildSettings = {
				ALWAYS_SEARCH_USER_PATHS = NO;
				CLANG_ANALYZER_NONNULL = YES;
				CLANG_ANALYZER_NUMBER_OBJECT_CONVERSION = YES_AGGRESSIVE;
				CLANG_CXX_LANGUAGE_STANDARD = "gnu++14";
				CLANG_CXX_LIBRARY = "libc++";
				CLANG_ENABLE_MODULES = YES;
				CLANG_ENABLE_OBJC_ARC = YES;
				CLANG_ENABLE_OBJC_WEAK = YES;
				CLANG_WARN_BLOCK_CAPTURE_AUTORELEASING = YES;
				CLANG_WARN_BOOL_CONVERSION = YES;
				CLANG_WARN_COMMA = YES;
				CLANG_WARN_CONSTANT_CONVERSION = YES;
				CLANG_WARN_DEPRECATED_OBJC_IMPLEMENTATIONS = YES;
				CLANG_WARN_DIRECT_OBJC_ISA_USAGE = YES_ERROR;
				CLANG_WARN_DOCUMENTATION_COMMENTS = YES;
				CLANG_WARN_EMPTY_BODY = YES;
				CLANG_WARN_ENUM_CONVERSION = YES;
				CLANG_WARN_INFINITE_RECURSION = YES;
				CLANG_WARN_INT_CONVERSION = YES;
				CLANG_WARN_NON_LITERAL_NULL_CONVERSION = YES;
				CLANG_WARN_OBJC_IMPLICIT_RETAIN_SELF = YES;
				CLANG_WARN_OBJC_LITERAL_CONVERSION = YES;
				CLANG_WARN_OBJC_ROOT_CLASS = YES_ERROR;
				CLANG_WARN_QUOTED_INCLUDE_IN_FRAMEWORK_HEADER = YES;
				CLANG_WARN_RANGE_LOOP_ANALYSIS = YES;
				CLANG_WARN_STRICT_PROTOTYPES = YES;
				CLANG_WARN_SUSPICIOUS_MOVE = YES;
				CLANG_WARN_UNGUARDED_AVAILABILITY = YES_AGGRESSIVE;
				CLANG_WARN_UNREACHABLE_CODE = YES;
				CLANG_WARN__DUPLICATE_METHOD_MATCH = YES;
				COPY_PHASE_STRIP = NO;
				DEBUG_INFORMATION_FORMAT = dwarf;
				ENABLE_STRICT_OBJC_MSGSEND = YES;
				ENABLE_TESTABILITY = YES;
				GCC_C_LANGUAGE_STANDARD = gnu11;
				GCC_DYNAMIC_NO_PIC = NO;
				GCC_NO_COMMON_BLOCKS = YES;
				GCC_OPTIMIZATION_LEVEL = 0;
				GCC_PREPROCESSOR_DEFINITIONS = (
					"DEBUG=1",
					"$(inherited)",
				);
				GCC_WARN_64_TO_32_BIT_CONVERSION = YES;
				GCC_WARN_ABOUT_RETURN_TYPE = YES_ERROR;
				GCC_WARN_UNDECLARED_SELECTOR = YES;
				GCC_WARN_UNINITIALIZED_AUTOS = YES_AGGRESSIVE;
				GCC_WARN_UNUSED_FUNCTION = YES;
				GCC_WARN_UNUSED_VARIABLE = YES;
				IPHONEOS_DEPLOYMENT_TARGET = 14.5;
				MTL_ENABLE_DEBUG_INFO = INCLUDE_SOURCE;
				MTL_FAST_MATH = YES;
				ONLY_ACTIVE_ARCH = YES;
				SDKROOT = iphoneos;
				SWIFT_ACTIVE_COMPILATION_CONDITIONS = DEBUG;
				SWIFT_OPTIMIZATION_LEVEL = "-Onone";
			};
			name = Debug;
		};
		FD3E02AC26EF72CC00901B07 /* Release */ = {
			isa = XCBuildConfiguration;
			buildSettings = {
				ALWAYS_SEARCH_USER_PATHS = NO;
				CLANG_ANALYZER_NONNULL = YES;
				CLANG_ANALYZER_NUMBER_OBJECT_CONVERSION = YES_AGGRESSIVE;
				CLANG_CXX_LANGUAGE_STANDARD = "gnu++14";
				CLANG_CXX_LIBRARY = "libc++";
				CLANG_ENABLE_MODULES = YES;
				CLANG_ENABLE_OBJC_ARC = YES;
				CLANG_ENABLE_OBJC_WEAK = YES;
				CLANG_WARN_BLOCK_CAPTURE_AUTORELEASING = YES;
				CLANG_WARN_BOOL_CONVERSION = YES;
				CLANG_WARN_COMMA = YES;
				CLANG_WARN_CONSTANT_CONVERSION = YES;
				CLANG_WARN_DEPRECATED_OBJC_IMPLEMENTATIONS = YES;
				CLANG_WARN_DIRECT_OBJC_ISA_USAGE = YES_ERROR;
				CLANG_WARN_DOCUMENTATION_COMMENTS = YES;
				CLANG_WARN_EMPTY_BODY = YES;
				CLANG_WARN_ENUM_CONVERSION = YES;
				CLANG_WARN_INFINITE_RECURSION = YES;
				CLANG_WARN_INT_CONVERSION = YES;
				CLANG_WARN_NON_LITERAL_NULL_CONVERSION = YES;
				CLANG_WARN_OBJC_IMPLICIT_RETAIN_SELF = YES;
				CLANG_WARN_OBJC_LITERAL_CONVERSION = YES;
				CLANG_WARN_OBJC_ROOT_CLASS = YES_ERROR;
				CLANG_WARN_QUOTED_INCLUDE_IN_FRAMEWORK_HEADER = YES;
				CLANG_WARN_RANGE_LOOP_ANALYSIS = YES;
				CLANG_WARN_STRICT_PROTOTYPES = YES;
				CLANG_WARN_SUSPICIOUS_MOVE = YES;
				CLANG_WARN_UNGUARDED_AVAILABILITY = YES_AGGRESSIVE;
				CLANG_WARN_UNREACHABLE_CODE = YES;
				CLANG_WARN__DUPLICATE_METHOD_MATCH = YES;
				COPY_PHASE_STRIP = NO;
				DEBUG_INFORMATION_FORMAT = "dwarf-with-dsym";
				ENABLE_NS_ASSERTIONS = NO;
				ENABLE_STRICT_OBJC_MSGSEND = YES;
				GCC_C_LANGUAGE_STANDARD = gnu11;
				GCC_NO_COMMON_BLOCKS = YES;
				GCC_WARN_64_TO_32_BIT_CONVERSION = YES;
				GCC_WARN_ABOUT_RETURN_TYPE = YES_ERROR;
				GCC_WARN_UNDECLARED_SELECTOR = YES;
				GCC_WARN_UNINITIALIZED_AUTOS = YES_AGGRESSIVE;
				GCC_WARN_UNUSED_FUNCTION = YES;
				GCC_WARN_UNUSED_VARIABLE = YES;
				IPHONEOS_DEPLOYMENT_TARGET = 14.5;
				MTL_ENABLE_DEBUG_INFO = NO;
				MTL_FAST_MATH = YES;
				SDKROOT = iphoneos;
				SWIFT_COMPILATION_MODE = wholemodule;
				SWIFT_OPTIMIZATION_LEVEL = "-O";
				VALIDATE_PRODUCT = YES;
			};
			name = Release;
		};
		FD3E02AE26EF72CC00901B07 /* Debug */ = {
			isa = XCBuildConfiguration;
			buildSettings = {
				ASSETCATALOG_COMPILER_APPICON_NAME = AppIcon;
				ASSETCATALOG_COMPILER_GLOBAL_ACCENT_COLOR_NAME = AccentColor;
				CODE_SIGN_STYLE = Automatic;
				DEVELOPMENT_ASSET_PATHS = "\"WalkthroughSampleForSwiftUI/Preview Content\"";
				DEVELOPMENT_TEAM = 7M7ZGYSAKB;
				ENABLE_PREVIEWS = YES;
				INFOPLIST_FILE = WalkthroughSampleForSwiftUI/Info.plist;
				IPHONEOS_DEPLOYMENT_TARGET = 14.0;
				LD_RUNPATH_SEARCH_PATHS = (
					"$(inherited)",
					"@executable_path/Frameworks",
				);
				PRODUCT_BUNDLE_IDENTIFIER = com.ASTK.WalkthroughSampleForSwiftUI;
				PRODUCT_NAME = "$(TARGET_NAME)";
				SWIFT_VERSION = 5.0;
				TARGETED_DEVICE_FAMILY = "1,2";
			};
			name = Debug;
		};
		FD3E02AF26EF72CC00901B07 /* Release */ = {
			isa = XCBuildConfiguration;
			buildSettings = {
				ASSETCATALOG_COMPILER_APPICON_NAME = AppIcon;
				ASSETCATALOG_COMPILER_GLOBAL_ACCENT_COLOR_NAME = AccentColor;
				CODE_SIGN_STYLE = Automatic;
				DEVELOPMENT_ASSET_PATHS = "\"WalkthroughSampleForSwiftUI/Preview Content\"";
				DEVELOPMENT_TEAM = 7M7ZGYSAKB;
				ENABLE_PREVIEWS = YES;
				INFOPLIST_FILE = WalkthroughSampleForSwiftUI/Info.plist;
				IPHONEOS_DEPLOYMENT_TARGET = 14.0;
				LD_RUNPATH_SEARCH_PATHS = (
					"$(inherited)",
					"@executable_path/Frameworks",
				);
				PRODUCT_BUNDLE_IDENTIFIER = com.ASTK.WalkthroughSampleForSwiftUI;
				PRODUCT_NAME = "$(TARGET_NAME)";
				SWIFT_VERSION = 5.0;
				TARGETED_DEVICE_FAMILY = "1,2";
			};
			name = Release;
		};
/* End XCBuildConfiguration section */

/* Begin XCConfigurationList section */
		FD3E029926EF72CA00901B07 /* Build configuration list for PBXProject "WalkthroughSampleForSwiftUI" */ = {
			isa = XCConfigurationList;
			buildConfigurations = (
				FD3E02AB26EF72CC00901B07 /* Debug */,
				FD3E02AC26EF72CC00901B07 /* Release */,
			);
			defaultConfigurationIsVisible = 0;
			defaultConfigurationName = Release;
		};
		FD3E02AD26EF72CC00901B07 /* Build configuration list for PBXNativeTarget "WalkthroughSampleForSwiftUI" */ = {
			isa = XCConfigurationList;
			buildConfigurations = (
				FD3E02AE26EF72CC00901B07 /* Debug */,
				FD3E02AF26EF72CC00901B07 /* Release */,
			);
			defaultConfigurationIsVisible = 0;
			defaultConfigurationName = Release;
		};
/* End XCConfigurationList section */
	};
	rootObject = FD3E029626EF72CA00901B07 /* Project object */;
}
